// !$*UTF8*$!
{
	archiveVersion = 1;
	classes = {
	};
	objectVersion = 50;
	objects = {

/* Begin PBXBuildFile section */
		1AB968332289C2AC00F05149 /* main.swift in Sources */ = {isa = PBXBuildFile; fileRef = 1AB968322289C2AC00F05149 /* main.swift */; };
		1AB9683B2289C44100F05149 /* Personnage.swift in Sources */ = {isa = PBXBuildFile; fileRef = 1AB9683A2289C44100F05149 /* Personnage.swift */; };
		1AB9683D2289C59A00F05149 /* Arme.swift in Sources */ = {isa = PBXBuildFile; fileRef = 1AB9683C2289C59A00F05149 /* Arme.swift */; };
		1AB9683F228A09FD00F05149 /* PersoType.swift in Sources */ = {isa = PBXBuildFile; fileRef = 1AB9683E228A09FD00F05149 /* PersoType.swift */; };
		1AB96841228A138D00F05149 /* Game.swift in Sources */ = {isa = PBXBuildFile; fileRef = 1AB96840228A138D00F05149 /* Game.swift */; };
		1AB96843228A163800F05149 /* Team.swift in Sources */ = {isa = PBXBuildFile; fileRef = 1AB96842228A163800F05149 /* Team.swift */; };
		1AB96845228A218F00F05149 /* ActionPersoType.swift in Sources */ = {isa = PBXBuildFile; fileRef = 1AB96844228A218F00F05149 /* ActionPersoType.swift */; };
/* End PBXBuildFile section */

/* Begin PBXCopyFilesBuildPhase section */
		1AB9682D2289C2AC00F05149 /* CopyFiles */ = {
			isa = PBXCopyFilesBuildPhase;
			buildActionMask = 2147483647;
			dstPath = /usr/share/man/man1/;
			dstSubfolderSpec = 0;
			files = (
			);
			runOnlyForDeploymentPostprocessing = 1;
		};
/* End PBXCopyFilesBuildPhase section */

/* Begin PBXFileReference section */
		1AB9682F2289C2AC00F05149 /* OC_P3 */ = {isa = PBXFileReference; explicitFileType = "compiled.mach-o.executable"; includeInIndex = 0; path = OC_P3; sourceTree = BUILT_PRODUCTS_DIR; };
		1AB968322289C2AC00F05149 /* main.swift */ = {isa = PBXFileReference; lastKnownFileType = sourcecode.swift; path = main.swift; sourceTree = "<group>"; };
		1AB9683A2289C44100F05149 /* Personnage.swift */ = {isa = PBXFileReference; lastKnownFileType = sourcecode.swift; path = Personnage.swift; sourceTree = "<group>"; };
		1AB9683C2289C59A00F05149 /* Arme.swift */ = {isa = PBXFileReference; lastKnownFileType = sourcecode.swift; path = Arme.swift; sourceTree = "<group>"; };
		1AB9683E228A09FD00F05149 /* PersoType.swift */ = {isa = PBXFileReference; lastKnownFileType = sourcecode.swift; path = PersoType.swift; sourceTree = "<group>"; };
		1AB96840228A138D00F05149 /* Game.swift */ = {isa = PBXFileReference; lastKnownFileType = sourcecode.swift; path = Game.swift; sourceTree = "<group>"; };
		1AB96842228A163800F05149 /* Team.swift */ = {isa = PBXFileReference; lastKnownFileType = sourcecode.swift; path = Team.swift; sourceTree = "<group>"; };
		1AB96844228A218F00F05149 /* ActionPersoType.swift */ = {isa = PBXFileReference; lastKnownFileType = sourcecode.swift; path = ActionPersoType.swift; sourceTree = "<group>"; };
/* End PBXFileReference section */

/* Begin PBXFrameworksBuildPhase section */
		1AB9682C2289C2AC00F05149 /* Frameworks */ = {
			isa = PBXFrameworksBuildPhase;
			buildActionMask = 2147483647;
			files = (
			);
			runOnlyForDeploymentPostprocessing = 0;
		};
/* End PBXFrameworksBuildPhase section */

/* Begin PBXGroup section */
		1AB968262289C2AB00F05149 = {
			isa = PBXGroup;
			children = (
				1AB968312289C2AC00F05149 /* OC_P3 */,
				1AB968302289C2AC00F05149 /* Products */,
			);
			sourceTree = "<group>";
		};
		1AB968302289C2AC00F05149 /* Products */ = {
			isa = PBXGroup;
			children = (
				1AB9682F2289C2AC00F05149 /* OC_P3 */,
			);
			name = Products;
			sourceTree = "<group>";
		};
		1AB968312289C2AC00F05149 /* OC_P3 */ = {
			isa = PBXGroup;
			children = (
				1AB96846228A219700F05149 /* Constants */,
				1AB968392289C31000F05149 /* Model */,
				1AB968322289C2AC00F05149 /* main.swift */,
			);
			path = OC_P3;
			sourceTree = "<group>";
		};
		1AB968392289C31000F05149 /* Model */ = {
			isa = PBXGroup;
			children = (
				1AB9683A2289C44100F05149 /* Personnage.swift */,
				1AB9683C2289C59A00F05149 /* Arme.swift */,
				1AB96842228A163800F05149 /* Team.swift */,
				1AB96840228A138D00F05149 /* Game.swift */,
			);
			path = Model;
			sourceTree = "<group>";
		};
		1AB96846228A219700F05149 /* Constants */ = {
			isa = PBXGroup;
			children = (
				1AB9683E228A09FD00F05149 /* PersoType.swift */,
				1AB96844228A218F00F05149 /* ActionPersoType.swift */,
			);
			path = Constants;
			sourceTree = "<group>";
		};
/* End PBXGroup section */

/* Begin PBXNativeTarget section */
		1AB9682E2289C2AC00F05149 /* OC_P3 */ = {
			isa = PBXNativeTarget;
			buildConfigurationList = 1AB968362289C2AC00F05149 /* Build configuration list for PBXNativeTarget "OC_P3" */;
			buildPhases = (
				1AB9682B2289C2AC00F05149 /* Sources */,
				1AB9682C2289C2AC00F05149 /* Frameworks */,
				1AB9682D2289C2AC00F05149 /* CopyFiles */,
			);
			buildRules = (
			);
			dependencies = (
			);
			name = OC_P3;
			productName = OC_P3;
			productReference = 1AB9682F2289C2AC00F05149 /* OC_P3 */;
			productType = "com.apple.product-type.tool";
		};
/* End PBXNativeTarget section */

/* Begin PBXProject section */
		1AB968272289C2AB00F05149 /* Project object */ = {
			isa = PBXProject;
			attributes = {
				LastSwiftUpdateCheck = 1020;
				LastUpgradeCheck = 1020;
				ORGANIZATIONNAME = intergoldex;
				TargetAttributes = {
					1AB9682E2289C2AC00F05149 = {
						CreatedOnToolsVersion = 10.2;
					};
				};
			};
			buildConfigurationList = 1AB9682A2289C2AC00F05149 /* Build configuration list for PBXProject "OC_P3" */;
			compatibilityVersion = "Xcode 9.3";
			developmentRegion = en;
			hasScannedForEncodings = 0;
			knownRegions = (
				en,
			);
			mainGroup = 1AB968262289C2AB00F05149;
			productRefGroup = 1AB968302289C2AC00F05149 /* Products */;
			projectDirPath = "";
			projectRoot = "";
			targets = (
				1AB9682E2289C2AC00F05149 /* OC_P3 */,
			);
		};
/* End PBXProject section */

/* Begin PBXSourcesBuildPhase section */
		1AB9682B2289C2AC00F05149 /* Sources */ = {
			isa = PBXSourcesBuildPhase;
			buildActionMask = 2147483647;
			files = (
				1AB96843228A163800F05149 /* Team.swift in Sources */,
				1AB9683D2289C59A00F05149 /* Arme.swift in Sources */,
				1AB96841228A138D00F05149 /* Game.swift in Sources */,
				1AB9683F228A09FD00F05149 /* PersoType.swift in Sources */,
				1AB968332289C2AC00F05149 /* main.swift in Sources */,
				1AB9683B2289C44100F05149 /* Personnage.swift in Sources */,
				1AB96845228A218F00F05149 /* ActionPersoType.swift in Sources */,
			);
			runOnlyForDeploymentPostprocessing = 0;
		};
/* End PBXSourcesBuildPhase section */

/* Begin XCBuildConfiguration section */
		1AB968342289C2AC00F05149 /* Debug */ = {
			isa = XCBuildConfiguration;
			buildSettings = {
				ALWAYS_SEARCH_USER_PATHS = NO;
				CLANG_ANALYZER_NONNULL = YES;
				CLANG_ANALYZER_NUMBER_OBJECT_CONVERSION = YES_AGGRESSIVE;
				CLANG_CXX_LANGUAGE_STANDARD = "gnu++14";
				CLANG_CXX_LIBRARY = "libc++";
				CLANG_ENABLE_MODULES = YES;
				CLANG_ENABLE_OBJC_ARC = YES;
				CLANG_ENABLE_OBJC_WEAK = YES;
				CLANG_WARN_BLOCK_CAPTURE_AUTORELEASING = YES;
				CLANG_WARN_BOOL_CONVERSION = YES;
				CLANG_WARN_COMMA = YES;
				CLANG_WARN_CONSTANT_CONVERSION = YES;
				CLANG_WARN_DEPRECATED_OBJC_IMPLEMENTATIONS = YES;
				CLANG_WARN_DIRECT_OBJC_ISA_USAGE = YES_ERROR;
				CLANG_WARN_DOCUMENTATION_COMMENTS = YES;
				CLANG_WARN_EMPTY_BODY = YES;
				CLANG_WARN_ENUM_CONVERSION = YES;
				CLANG_WARN_INFINITE_RECURSION = YES;
				CLANG_WARN_INT_CONVERSION = YES;
				CLANG_WARN_NON_LITERAL_NULL_CONVERSION = YES;
				CLANG_WARN_OBJC_IMPLICIT_RETAIN_SELF = YES;
				CLANG_WARN_OBJC_LITERAL_CONVERSION = YES;
				CLANG_WARN_OBJC_ROOT_CLASS = YES_ERROR;
				CLANG_WARN_RANGE_LOOP_ANALYSIS = YES;
				CLANG_WARN_STRICT_PROTOTYPES = YES;
				CLANG_WARN_SUSPICIOUS_MOVE = YES;
				CLANG_WARN_UNGUARDED_AVAILABILITY = YES_AGGRESSIVE;
				CLANG_WARN_UNREACHABLE_CODE = YES;
				CLANG_WARN__DUPLICATE_METHOD_MATCH = YES;
				CODE_SIGN_IDENTITY = "Mac Developer";
				COPY_PHASE_STRIP = NO;
				DEBUG_INFORMATION_FORMAT = dwarf;
				ENABLE_STRICT_OBJC_MSGSEND = YES;
				ENABLE_TESTABILITY = YES;
				GCC_C_LANGUAGE_STANDARD = gnu11;
				GCC_DYNAMIC_NO_PIC = NO;
				GCC_NO_COMMON_BLOCKS = YES;
				GCC_OPTIMIZATION_LEVEL = 0;
				GCC_PREPROCESSOR_DEFINITIONS = (
					"DEBUG=1",
					"$(inherited)",
				);
				GCC_WARN_64_TO_32_BIT_CONVERSION = YES;
				GCC_WARN_ABOUT_RETURN_TYPE = YES_ERROR;
				GCC_WARN_UNDECLARED_SELECTOR = YES;
				GCC_WARN_UNINITIALIZED_AUTOS = YES_AGGRESSIVE;
				GCC_WARN_UNUSED_FUNCTION = YES;
				GCC_WARN_UNUSED_VARIABLE = YES;
				MACOSX_DEPLOYMENT_TARGET = 10.14;
				MTL_ENABLE_DEBUG_INFO = INCLUDE_SOURCE;
				MTL_FAST_MATH = YES;
				ONLY_ACTIVE_ARCH = YES;
				SDKROOT = macosx;
				SWIFT_ACTIVE_COMPILATION_CONDITIONS = DEBUG;
				SWIFT_OPTIMIZATION_LEVEL = "-Onone";
			};
			name = Debug;
		};
		1AB968352289C2AC00F05149 /* Release */ = {
			isa = XCBuildConfiguration;
			buildSettings = {
				ALWAYS_SEARCH_USER_PATHS = NO;
				CLANG_ANALYZER_NONNULL = YES;
				CLANG_ANALYZER_NUMBER_OBJECT_CONVERSION = YES_AGGRESSIVE;
				CLANG_CXX_LANGUAGE_STANDARD = "gnu++14";
				CLANG_CXX_LIBRARY = "libc++";
				CLANG_ENABLE_MODULES = YES;
				CLANG_ENABLE_OBJC_ARC = YES;
				CLANG_ENABLE_OBJC_WEAK = YES;
				CLANG_WARN_BLOCK_CAPTURE_AUTORELEASING = YES;
				CLANG_WARN_BOOL_CONVERSION = YES;
				CLANG_WARN_COMMA = YES;
				CLANG_WARN_CONSTANT_CONVERSION = YES;
				CLANG_WARN_DEPRECATED_OBJC_IMPLEMENTATIONS = YES;
				CLANG_WARN_DIRECT_OBJC_ISA_USAGE = YES_ERROR;
				CLANG_WARN_DOCUMENTATION_COMMENTS = YES;
				CLANG_WARN_EMPTY_BODY = YES;
				CLANG_WARN_ENUM_CONVERSION = YES;
				CLANG_WARN_INFINITE_RECURSION = YES;
				CLANG_WARN_INT_CONVERSION = YES;
				CLANG_WARN_NON_LITERAL_NULL_CONVERSION = YES;
				CLANG_WARN_OBJC_IMPLICIT_RETAIN_SELF = YES;
				CLANG_WARN_OBJC_LITERAL_CONVERSION = YES;
				CLANG_WARN_OBJC_ROOT_CLASS = YES_ERROR;
				CLANG_WARN_RANGE_LOOP_ANALYSIS = YES;
				CLANG_WARN_STRICT_PROTOTYPES = YES;
				CLANG_WARN_SUSPICIOUS_MOVE = YES;
				CLANG_WARN_UNGUARDED_AVAILABILITY = YES_AGGRESSIVE;
				CLANG_WARN_UNREACHABLE_CODE = YES;
				CLANG_WARN__DUPLICATE_METHOD_MATCH = YES;
				CODE_SIGN_IDENTITY = "Mac Developer";
				COPY_PHASE_STRIP = NO;
				DEBUG_INFORMATION_FORMAT = "dwarf-with-dsym";
				ENABLE_NS_ASSERTIONS = NO;
				ENABLE_STRICT_OBJC_MSGSEND = YES;
				GCC_C_LANGUAGE_STANDARD = gnu11;
				GCC_NO_COMMON_BLOCKS = YES;
				GCC_WARN_64_TO_32_BIT_CONVERSION = YES;
				GCC_WARN_ABOUT_RETURN_TYPE = YES_ERROR;
				GCC_WARN_UNDECLARED_SELECTOR = YES;
				GCC_WARN_UNINITIALIZED_AUTOS = YES_AGGRESSIVE;
				GCC_WARN_UNUSED_FUNCTION = YES;
				GCC_WARN_UNUSED_VARIABLE = YES;
				MACOSX_DEPLOYMENT_TARGET = 10.14;
				MTL_ENABLE_DEBUG_INFO = NO;
				MTL_FAST_MATH = YES;
				SDKROOT = macosx;
				SWIFT_COMPILATION_MODE = wholemodule;
				SWIFT_OPTIMIZATION_LEVEL = "-O";
			};
			name = Release;
		};
		1AB968372289C2AC00F05149 /* Debug */ = {
			isa = XCBuildConfiguration;
			buildSettings = {
				CODE_SIGN_IDENTITY = "Mac Developer";
				CODE_SIGN_STYLE = Automatic;
				DEVELOPMENT_TEAM = 39UPL288JM;
				PRODUCT_NAME = "$(TARGET_NAME)";
				PROVISIONING_PROFILE_SPECIFIER = "";
				SWIFT_VERSION = 5.0;
			};
			name = Debug;
		};
		1AB968382289C2AC00F05149 /* Release */ = {
			isa = XCBuildConfiguration;
			buildSettings = {
				CODE_SIGN_IDENTITY = "Mac Developer";
				CODE_SIGN_STYLE = Automatic;
				DEVELOPMENT_TEAM = 39UPL288JM;
				PRODUCT_NAME = "$(TARGET_NAME)";
				PROVISIONING_PROFILE_SPECIFIER = "";
				SWIFT_VERSION = 5.0;
			};
			name = Release;
		};
/* End XCBuildConfiguration section */

/* Begin XCConfigurationList section */
		1AB9682A2289C2AC00F05149 /* Build configuration list for PBXProject "OC_P3" */ = {
			isa = XCConfigurationList;
			buildConfigurations = (
				1AB968342289C2AC00F05149 /* Debug */,
				1AB968352289C2AC00F05149 /* Release */,
			);
			defaultConfigurationIsVisible = 0;
			defaultConfigurationName = Release;
		};
		1AB968362289C2AC00F05149 /* Build configuration list for PBXNativeTarget "OC_P3" */ = {
			isa = XCConfigurationList;
			buildConfigurations = (
				1AB968372289C2AC00F05149 /* Debug */,
				1AB968382289C2AC00F05149 /* Release */,
			);
			defaultConfigurationIsVisible = 0;
			defaultConfigurationName = Release;
		};
/* End XCConfigurationList section */
	};
	rootObject = 1AB968272289C2AB00F05149 /* Project object */;
}
